{
  "name": "e2e",
  "version": "1.0.0",
  "lockfileVersion": 1,
  "requires": true,
  "dependencies": {
    "@playwright/test": {
      "version": "1.23.4",
      "resolved": "https://registry.npmjs.org/@playwright/test/-/test-1.23.4.tgz",
      "integrity": "sha512-iIsoMJDS/lyuhw82FtcV/B3PXikgVD3hNe5hyvOpRM0uRr1OIpN3LgPeRbBjhzBWmyf6RgRg5fqK5sVcpA03yA==",
      "dev": true,
      "requires": {
        "@types/node": "*",
        "playwright-core": "1.23.4"
      },
      "dependencies": {
        "playwright-core": {
          "version": "1.23.4",
          "resolved": "https://registry.npmjs.org/playwright-core/-/playwright-core-1.23.4.tgz",
          "integrity": "sha512-h5V2yw7d8xIwotjyNrkLF13nV9RiiZLHdXeHo+nVJIYGVlZ8U2qV0pMxNJKNTvfQVT0N8/A4CW6/4EW2cOcTiA==",
          "dev": true
        }
      }
    },
    "@types/node": {
      "version": "18.0.6",
      "resolved": "https://registry.npmjs.org/@types/node/-/node-18.0.6.tgz",
      "integrity": "sha512-/xUq6H2aQm261exT6iZTMifUySEt4GR5KX8eYyY+C4MSNPqSh9oNIP7tz2GLKTlFaiBbgZNxffoR3CVRG+cljw==",
      "dev": true
    }
  }
}
